
Microsoft Visual Studio Solution File, Format Version 12.00
# Visual Studio Version 17
VisualStudioVersion = 17.1.32210.238
MinimumVisualStudioVersion = 10.0.40219.1
Project("{FAE04EC0-301F-11D3-BF4B-00C04F79EFBC}") = "MoodAnalyser", "MoodAnalyser\MoodAnalyser.csproj", "{6492FF14-3B78-48A6-9713-7F3DA869E095}"
EndProject
Project("{FAE04EC0-301F-11D3-BF4B-00C04F79EFBC}") = "MoodAnalyserTesting", "MoodAnalyserTesting\MoodAnalyserTesting.csproj", "{9F63BF49-BFFE-4E52-8620-0C29924B9167}"
EndProject
Global
	GlobalSection(SolutionConfigurationPlatforms) = preSolution
		Debug|Any CPU = Debug|Any CPU
		Release|Any CPU = Release|Any CPU
	EndGlobalSection
	GlobalSection(ProjectConfigurationPlatforms) = postSolution
		{6492FF14-3B78-48A6-9713-7F3DA869E095}.Debug|Any CPU.ActiveCfg = Debug|Any CPU
		{6492FF14-3B78-48A6-9713-7F3DA869E095}.Debug|Any CPU.Build.0 = Debug|Any CPU
		{6492FF14-3B78-48A6-9713-7F3DA869E095}.Release|Any CPU.ActiveCfg = Release|Any CPU
		{6492FF14-3B78-48A6-9713-7F3DA869E095}.Release|Any CPU.Build.0 = Release|Any CPU
		{9F63BF49-BFFE-4E52-8620-0C29924B9167}.Debug|Any CPU.ActiveCfg = Debug|Any CPU
		{9F63BF49-BFFE-4E52-8620-0C29924B9167}.Debug|Any CPU.Build.0 = Debug|Any CPU
		{9F63BF49-BFFE-4E52-8620-0C29924B9167}.Release|Any CPU.ActiveCfg = Release|Any CPU
		{9F63BF49-BFFE-4E52-8620-0C29924B9167}.Release|Any CPU.Build.0 = Release|Any CPU
	EndGlobalSection
	GlobalSection(SolutionProperties) = preSolution
		HideSolutionNode = FALSE
	EndGlobalSection
	GlobalSection(ExtensibilityGlobals) = postSolution
		SolutionGuid = {F9A11FA6-98E6-4538-89AB-5816943A34B9}
	EndGlobalSection
EndGlobal
